
Microsoft Visual Studio Solution File, Format Version 12.00
# Visual Studio 15
VisualStudioVersion = 15.0.27130.2027
MinimumVisualStudioVersion = 10.0.40219.1
Project("{FAE04EC0-301F-11D3-BF4B-00C04F79EFBC}") = "MonitoringFunctionApp", "MonitoringFunctionApp\MonitoringFunctionApp.csproj", "{DAB26818-362F-446C-870F-1622DFF6705C}"
EndProject
Global
	GlobalSection(SolutionConfigurationPlatforms) = preSolution
		Debug|Any CPU = Debug|Any CPU
		Release|Any CPU = Release|Any CPU
	EndGlobalSection
	GlobalSection(ProjectConfigurationPlatforms) = postSolution
		{DAB26818-362F-446C-870F-1622DFF6705C}.Debug|Any CPU.ActiveCfg = Debug|Any CPU
		{DAB26818-362F-446C-870F-1622DFF6705C}.Debug|Any CPU.Build.0 = Debug|Any CPU
		{DAB26818-362F-446C-870F-1622DFF6705C}.Release|Any CPU.ActiveCfg = Release|Any CPU
		{DAB26818-362F-446C-870F-1622DFF6705C}.Release|Any CPU.Build.0 = Release|Any CPU
	EndGlobalSection
	GlobalSection(SolutionProperties) = preSolution
		HideSolutionNode = FALSE
	EndGlobalSection
	GlobalSection(ExtensibilityGlobals) = postSolution
		SolutionGuid = {F0DF427F-2B50-4471-AF5D-D6155046505D}
	EndGlobalSection
EndGlobal
